version = 1
revision = 2
requires-python = ">=3.11"

[[package]]
name = "app"
version = "0.1.0"
source = { virtual = "." }
dependencies = [
    { name = "python-socks" },
]

[package.metadata]
requires-dist = [{ name = "python-socks", specifier = ">=2.7.1" }]

[[package]]
name = "python-socks"
version = "2.7.1"
source = { registry = "https://pypi.org/simple" }
sdist = { url = "https://files.pythonhosted.org/packages/db/56/a21c65c9968fbdb442b177a4f6f42d150c4bc66c179606193ee86e5b5dc5/python_socks-2.7.1.tar.gz", hash = "sha256:f1a0bb603830fe81e332442eada96757b8f8dec02bd22d1d6f5c99a79704c550", size = 230371, upload-time = "2025-02-01T18:16:32.897Z" }
wheels = [
    { url = "https://files.pythonhosted.org/packages/59/a5/8bc495f162f6ff6a805a0bd558312db2cc8d6aa6279324ba8180af64f777/python_socks-2.7.1-py3-none-any.whl", hash = "sha256:2603c6454eeaeb82b464ad705be188989e8cf1a4a16f0af3c921d6dd71a49cec", size = 54980, upload-time = "2025-02-01T18:16:30.232Z" },
]
